{
  "pins" : [
    {
      "identity" : "alamofire",
      "kind" : "remoteSourceControl",
      "location" : "https://github.com/Alamofire/Alamofire",
      "state" : {
        "revision" : "8dd85aee02e39dd280c75eef88ffdb86eed4b07b",
        "version" : "5.6.2"
      }
    },
    {
      "identity" : "easyconstraints",
      "kind" : "remoteSourceControl",
      "location" : "https://github.com/pkh0225/EasyConstraints.git",
      "state" : {
        "revision" : "dda1f28048049f011550e9c72e6abd8c22948d79",
        "version" : "0.1.6"
      }
    },
    {
      "identity" : "nuke",
      "kind" : "remoteSourceControl",
      "location" : "https://github.com/jaejinmanse/Nuke",
      "state" : {
        "revision" : "67b247f1b8c8de59c01d3ab79ee83ea0ad40daa1",
        "version" : "9.1.3"
      }
    }
  ],
  "version" : 2
}
