{
  "pins" : [
    {
      "identity" : "easyconstraints",
      "kind" : "remoteSourceControl",
      "location" : "https://github.com/pkh0225/EasyConstraints.git",
      "state" : {
        "revision" : "4158614a2791dff7213f15d426c6362a118d05b8",
        "version" : "1.0.5"
      }
    }
  ],
  "version" : 2
}
